
Microsoft Visual Studio Solution File, Format Version 12.00
# Visual Studio Version 16
VisualStudioVersion = 16.0.29411.108
MinimumVisualStudioVersion = 10.0.40219.1
Project("{FAE04EC0-301F-11D3-BF4B-00C04F79EFBC}") = "Hnos_Rojas", "Hnos_Rojas\Hnos_Rojas.csproj", "{2828A1EE-23A5-430B-8088-67D6D9620ECA}"
EndProject
Global
	GlobalSection(SolutionConfigurationPlatforms) = preSolution
		Debug|Any CPU = Debug|Any CPU
		Release|Any CPU = Release|Any CPU
	EndGlobalSection
	GlobalSection(ProjectConfigurationPlatforms) = postSolution
		{2828A1EE-23A5-430B-8088-67D6D9620ECA}.Debug|Any CPU.ActiveCfg = Debug|Any CPU
		{2828A1EE-23A5-430B-8088-67D6D9620ECA}.Debug|Any CPU.Build.0 = Debug|Any CPU
		{2828A1EE-23A5-430B-8088-67D6D9620ECA}.Release|Any CPU.ActiveCfg = Release|Any CPU
		{2828A1EE-23A5-430B-8088-67D6D9620ECA}.Release|Any CPU.Build.0 = Release|Any CPU
	EndGlobalSection
	GlobalSection(SolutionProperties) = preSolution
		HideSolutionNode = FALSE
	EndGlobalSection
	GlobalSection(ExtensibilityGlobals) = postSolution
		SolutionGuid = {F67EC676-2093-4F9E-98C1-4ECD83E077CD}
	EndGlobalSection
EndGlobal
